{
  "requires": true,
  "lockfileVersion": 1,
  "dependencies": {
    "print-js": {
      "version": "1.0.31",
      "resolved": "https://registry.npmjs.org/print-js/-/print-js-1.0.31.tgz",
      "integrity": "sha512-MM3k5RpwI7HmVvQ4y6hCfxCBQhd44Rc8BXUSLXrnqaBYZbTukiZxdmiyFH7hDxWtmKrev1Q8V/bAdylB+E+cFw=="
    }
  }
}
